
Microsoft Visual Studio Solution File, Format Version 12.00
# Visual Studio Version 16
VisualStudioVersion = 25.0.1704.2
MinimumVisualStudioVersion = 10.0.40219.1
Project("{FAE04EC0-301F-11D3-BF4B-00C04F79EFBC}") = "MasterProject.Infrastructure", "MasterProject.Infrastructure.csproj", "{EF78E3CE-1783-4600-A0AE-D7CB16FB59D9}"
EndProject
Project("{FAE04EC0-301F-11D3-BF4B-00C04F79EFBC}") = "MasterProject.Core", "..\..\Core\Master.Core\MasterProject.Core.csproj", "{1404A069-7B72-4299-AF97-B41F74D36525}"
EndProject
Project("{FAE04EC0-301F-11D3-BF4B-00C04F79EFBC}") = "MasterProject.SharedKernel", "..\..\SharedKernel\Master.SharedKernel\MasterProject.SharedKernel.csproj", "{D26F36AE-086E-46AD-A402-5752C1A89853}"
EndProject
Global
	GlobalSection(SolutionConfigurationPlatforms) = preSolution
		Debug|Any CPU = Debug|Any CPU
		Release|Any CPU = Release|Any CPU
	EndGlobalSection
	GlobalSection(ProjectConfigurationPlatforms) = postSolution
		{EF78E3CE-1783-4600-A0AE-D7CB16FB59D9}.Debug|Any CPU.ActiveCfg = Debug|Any CPU
		{EF78E3CE-1783-4600-A0AE-D7CB16FB59D9}.Debug|Any CPU.Build.0 = Debug|Any CPU
		{EF78E3CE-1783-4600-A0AE-D7CB16FB59D9}.Release|Any CPU.ActiveCfg = Release|Any CPU
		{EF78E3CE-1783-4600-A0AE-D7CB16FB59D9}.Release|Any CPU.Build.0 = Release|Any CPU
		{1404A069-7B72-4299-AF97-B41F74D36525}.Debug|Any CPU.ActiveCfg = Debug|Any CPU
		{1404A069-7B72-4299-AF97-B41F74D36525}.Debug|Any CPU.Build.0 = Debug|Any CPU
		{1404A069-7B72-4299-AF97-B41F74D36525}.Release|Any CPU.ActiveCfg = Release|Any CPU
		{1404A069-7B72-4299-AF97-B41F74D36525}.Release|Any CPU.Build.0 = Release|Any CPU
		{D26F36AE-086E-46AD-A402-5752C1A89853}.Debug|Any CPU.ActiveCfg = Debug|Any CPU
		{D26F36AE-086E-46AD-A402-5752C1A89853}.Debug|Any CPU.Build.0 = Debug|Any CPU
		{D26F36AE-086E-46AD-A402-5752C1A89853}.Release|Any CPU.ActiveCfg = Release|Any CPU
		{D26F36AE-086E-46AD-A402-5752C1A89853}.Release|Any CPU.Build.0 = Release|Any CPU
	EndGlobalSection
	GlobalSection(SolutionProperties) = preSolution
		HideSolutionNode = FALSE
	EndGlobalSection
	GlobalSection(ExtensibilityGlobals) = postSolution
		SolutionGuid = {1145E07F-CA4A-4786-855C-E532E0563EC2}
	EndGlobalSection
EndGlobal
